
Microsoft Visual Studio Solution File, Format Version 12.00
# Visual Studio 14
VisualStudioVersion = 14.0.25420.1
MinimumVisualStudioVersion = 10.0.40219.1
Project("{FAE04EC0-301F-11D3-BF4B-00C04F79EFBC}") = "BikeAble", "BikeAble\BikeAble.csproj", "{0DF39F7A-0F7E-4613-B599-44158D656778}"
EndProject
Project("{FAE04EC0-301F-11D3-BF4B-00C04F79EFBC}") = "BusinessLogic", "BusinessLogic\BusinessLogic.csproj", "{84584EE2-59B7-4555-B7C7-F082E9CFFB11}"
EndProject
Global
	GlobalSection(SolutionConfigurationPlatforms) = preSolution
		Debug|Any CPU = Debug|Any CPU
		Release|Any CPU = Release|Any CPU
	EndGlobalSection
	GlobalSection(ProjectConfigurationPlatforms) = postSolution
		{0DF39F7A-0F7E-4613-B599-44158D656778}.Debug|Any CPU.ActiveCfg = Debug|Any CPU
		{0DF39F7A-0F7E-4613-B599-44158D656778}.Debug|Any CPU.Build.0 = Debug|Any CPU
		{0DF39F7A-0F7E-4613-B599-44158D656778}.Release|Any CPU.ActiveCfg = Release|Any CPU
		{0DF39F7A-0F7E-4613-B599-44158D656778}.Release|Any CPU.Build.0 = Release|Any CPU
		{84584EE2-59B7-4555-B7C7-F082E9CFFB11}.Debug|Any CPU.ActiveCfg = Debug|Any CPU
		{84584EE2-59B7-4555-B7C7-F082E9CFFB11}.Debug|Any CPU.Build.0 = Debug|Any CPU
		{84584EE2-59B7-4555-B7C7-F082E9CFFB11}.Release|Any CPU.ActiveCfg = Release|Any CPU
		{84584EE2-59B7-4555-B7C7-F082E9CFFB11}.Release|Any CPU.Build.0 = Release|Any CPU
	EndGlobalSection
	GlobalSection(SolutionProperties) = preSolution
		HideSolutionNode = FALSE
	EndGlobalSection
EndGlobal
